
Microsoft Visual Studio Solution File, Format Version 12.00
# Visual Studio Version 16
VisualStudioVersion = 16.0.30011.22
MinimumVisualStudioVersion = 10.0.40219.1
Project("{FAE04EC0-301F-11D3-BF4B-00C04F79EFBC}") = "api_data_gov", "api_data_gov\api_data_gov.csproj", "{252F894A-6D1F-4EF1-A037-F968FF4C0B1C}"
EndProject
Global
	GlobalSection(SolutionConfigurationPlatforms) = preSolution
		Debug|Any CPU = Debug|Any CPU
		Release|Any CPU = Release|Any CPU
	EndGlobalSection
	GlobalSection(ProjectConfigurationPlatforms) = postSolution
		{252F894A-6D1F-4EF1-A037-F968FF4C0B1C}.Debug|Any CPU.ActiveCfg = Debug|Any CPU
		{252F894A-6D1F-4EF1-A037-F968FF4C0B1C}.Debug|Any CPU.Build.0 = Debug|Any CPU
		{252F894A-6D1F-4EF1-A037-F968FF4C0B1C}.Release|Any CPU.ActiveCfg = Release|Any CPU
		{252F894A-6D1F-4EF1-A037-F968FF4C0B1C}.Release|Any CPU.Build.0 = Release|Any CPU
	EndGlobalSection
	GlobalSection(SolutionProperties) = preSolution
		HideSolutionNode = FALSE
	EndGlobalSection
	GlobalSection(ExtensibilityGlobals) = postSolution
		SolutionGuid = {DF250BF2-3488-47CD-82D0-D0EA64A25001}
	EndGlobalSection
EndGlobal
